
Microsoft Visual Studio Solution File, Format Version 12.00
# Visual Studio Version 17
VisualStudioVersion = 17.3.32922.545
MinimumVisualStudioVersion = 10.0.40219.1
Project("{FAE04EC0-301F-11D3-BF4B-00C04F79EFBC}") = "FlipCoin", "FlipCoin\FlipCoin.csproj", "{6DBD2F09-5408-41CC-A036-5912608DA8DE}"
EndProject
Global
	GlobalSection(SolutionConfigurationPlatforms) = preSolution
		Debug|Any CPU = Debug|Any CPU
		Release|Any CPU = Release|Any CPU
	EndGlobalSection
	GlobalSection(ProjectConfigurationPlatforms) = postSolution
		{6DBD2F09-5408-41CC-A036-5912608DA8DE}.Debug|Any CPU.ActiveCfg = Debug|Any CPU
		{6DBD2F09-5408-41CC-A036-5912608DA8DE}.Debug|Any CPU.Build.0 = Debug|Any CPU
		{6DBD2F09-5408-41CC-A036-5912608DA8DE}.Release|Any CPU.ActiveCfg = Release|Any CPU
		{6DBD2F09-5408-41CC-A036-5912608DA8DE}.Release|Any CPU.Build.0 = Release|Any CPU
	EndGlobalSection
	GlobalSection(SolutionProperties) = preSolution
		HideSolutionNode = FALSE
	EndGlobalSection
	GlobalSection(ExtensibilityGlobals) = postSolution
		SolutionGuid = {E9A4FA38-A52E-4783-931F-A22D0C8229BB}
	EndGlobalSection
EndGlobal
