
Microsoft Visual Studio Solution File, Format Version 12.00
# Visual Studio Version 17
VisualStudioVersion = 17.3.32922.545
MinimumVisualStudioVersion = 10.0.40219.1
Project("{FAE04EC0-301F-11D3-BF4B-00C04F79EFBC}") = "EvenAndOdd", "EvenAndOdd\EvenAndOdd.csproj", "{C8775E39-91BC-459E-8B47-0A0F18FDE54D}"
EndProject
Global
	GlobalSection(SolutionConfigurationPlatforms) = preSolution
		Debug|Any CPU = Debug|Any CPU
		Release|Any CPU = Release|Any CPU
	EndGlobalSection
	GlobalSection(ProjectConfigurationPlatforms) = postSolution
		{C8775E39-91BC-459E-8B47-0A0F18FDE54D}.Debug|Any CPU.ActiveCfg = Debug|Any CPU
		{C8775E39-91BC-459E-8B47-0A0F18FDE54D}.Debug|Any CPU.Build.0 = Debug|Any CPU
		{C8775E39-91BC-459E-8B47-0A0F18FDE54D}.Release|Any CPU.ActiveCfg = Release|Any CPU
		{C8775E39-91BC-459E-8B47-0A0F18FDE54D}.Release|Any CPU.Build.0 = Release|Any CPU
	EndGlobalSection
	GlobalSection(SolutionProperties) = preSolution
		HideSolutionNode = FALSE
	EndGlobalSection
	GlobalSection(ExtensibilityGlobals) = postSolution
		SolutionGuid = {A4AD0350-557B-4D17-B259-0BB9C9B27F32}
	EndGlobalSection
EndGlobal
